// !$*UTF8*$!
{
	archiveVersion = 1;
	classes = {
	};
	objectVersion = 46;
	objects = {

/* Begin PBXBuildFile section */
		3CB49FC11779B4E500D00697 /* Foundation.framework in Frameworks */ = {isa = PBXBuildFile; fileRef = 3CB49FC01779B4E500D00697 /* Foundation.framework */; };
		3CB49FC31779B4E500D00697 /* CoreGraphics.framework in Frameworks */ = {isa = PBXBuildFile; fileRef = 3CB49FC21779B4E500D00697 /* CoreGraphics.framework */; };
		3CB49FC51779B4E500D00697 /* UIKit.framework in Frameworks */ = {isa = PBXBuildFile; fileRef = 3CB49FC41779B4E500D00697 /* UIKit.framework */; };
		3CB49FCB1779B4E500D00697 /* InfoPlist.strings in Resources */ = {isa = PBXBuildFile; fileRef = 3CB49FC91779B4E500D00697 /* InfoPlist.strings */; };
		3CB49FCD1779B4E500D00697 /* main.m in Sources */ = {isa = PBXBuildFile; fileRef = 3CB49FCC1779B4E500D00697 /* main.m */; };
		3CB49FD11779B4E500D00697 /* FJRAppDelegate.m in Sources */ = {isa = PBXBuildFile; fileRef = 3CB49FD01779B4E500D00697 /* FJRAppDelegate.m */; };
		3CB49FD41779B4E500D00697 /* Main.storyboard in Resources */ = {isa = PBXBuildFile; fileRef = 3CB49FD21779B4E500D00697 /* Main.storyboard */; };
		3CB49FDA1779B4E600D00697 /* FJRMainViewController.m in Sources */ = {isa = PBXBuildFile; fileRef = 3CB49FD91779B4E600D00697 /* FJRMainViewController.m */; };
		3CB49FDD1779B4E600D00697 /* FJRFlipsideViewController.m in Sources */ = {isa = PBXBuildFile; fileRef = 3CB49FDC1779B4E600D00697 /* FJRFlipsideViewController.m */; };
		3CB49FDF1779B4E600D00697 /* Images.xcassets in Resources */ = {isa = PBXBuildFile; fileRef = 3CB49FDE1779B4E600D00697 /* Images.xcassets */; };
		3CB49FE61779B4E600D00697 /* XCTest.framework in Frameworks */ = {isa = PBXBuildFile; fileRef = 3CB49FE51779B4E600D00697 /* XCTest.framework */; };
		3CB49FE71779B4E600D00697 /* Foundation.framework in Frameworks */ = {isa = PBXBuildFile; fileRef = 3CB49FC01779B4E500D00697 /* Foundation.framework */; };
		3CB49FE81779B4E600D00697 /* UIKit.framework in Frameworks */ = {isa = PBXBuildFile; fileRef = 3CB49FC41779B4E500D00697 /* UIKit.framework */; };
		3CB49FF01779B4E600D00697 /* InfoPlist.strings in Resources */ = {isa = PBXBuildFile; fileRef = 3CB49FEE1779B4E600D00697 /* InfoPlist.strings */; };
		3CB49FF21779B4E600D00697 /* relauncherTests.m in Sources */ = {isa = PBXBuildFile; fileRef = 3CB49FF11779B4E600D00697 /* relauncherTests.m */; };
		3CB49FFD1779BA6B00D00697 /* FJRMainViewController.m in Sources */ = {isa = PBXBuildFile; fileRef = 3CB49FD91779B4E600D00697 /* FJRMainViewController.m */; };
		3CB49FFE1779BA6B00D00697 /* main.m in Sources */ = {isa = PBXBuildFile; fileRef = 3CB49FCC1779B4E500D00697 /* main.m */; };
		3CB49FFF1779BA6B00D00697 /* FJRAppDelegate.m in Sources */ = {isa = PBXBuildFile; fileRef = 3CB49FD01779B4E500D00697 /* FJRAppDelegate.m */; };
		3CB4A0001779BA6B00D00697 /* FJRFlipsideViewController.m in Sources */ = {isa = PBXBuildFile; fileRef = 3CB49FDC1779B4E600D00697 /* FJRFlipsideViewController.m */; };
		3CB4A0021779BA6B00D00697 /* CoreGraphics.framework in Frameworks */ = {isa = PBXBuildFile; fileRef = 3CB49FC21779B4E500D00697 /* CoreGraphics.framework */; };
		3CB4A0031779BA6B00D00697 /* UIKit.framework in Frameworks */ = {isa = PBXBuildFile; fileRef = 3CB49FC41779B4E500D00697 /* UIKit.framework */; };
		3CB4A0041779BA6B00D00697 /* Foundation.framework in Frameworks */ = {isa = PBXBuildFile; fileRef = 3CB49FC01779B4E500D00697 /* Foundation.framework */; };
		3CB4A0061779BA6B00D00697 /* Images.xcassets in Resources */ = {isa = PBXBuildFile; fileRef = 3CB49FDE1779B4E600D00697 /* Images.xcassets */; };
		3CB4A0071779BA6B00D00697 /* Main.storyboard in Resources */ = {isa = PBXBuildFile; fileRef = 3CB49FD21779B4E500D00697 /* Main.storyboard */; };
		3CB4A0081779BA6B00D00697 /* InfoPlist.strings in Resources */ = {isa = PBXBuildFile; fileRef = 3CB49FC91779B4E500D00697 /* InfoPlist.strings */; };
		3CB4A0101779BA7000D00697 /* FJRMainViewController.m in Sources */ = {isa = PBXBuildFile; fileRef = 3CB49FD91779B4E600D00697 /* FJRMainViewController.m */; };
		3CB4A0111779BA7000D00697 /* main.m in Sources */ = {isa = PBXBuildFile; fileRef = 3CB49FCC1779B4E500D00697 /* main.m */; };
		3CB4A0121779BA7000D00697 /* FJRAppDelegate.m in Sources */ = {isa = PBXBuildFile; fileRef = 3CB49FD01779B4E500D00697 /* FJRAppDelegate.m */; };
		3CB4A0131779BA7000D00697 /* FJRFlipsideViewController.m in Sources */ = {isa = PBXBuildFile; fileRef = 3CB49FDC1779B4E600D00697 /* FJRFlipsideViewController.m */; };
		3CB4A0151779BA7000D00697 /* CoreGraphics.framework in Frameworks */ = {isa = PBXBuildFile; fileRef = 3CB49FC21779B4E500D00697 /* CoreGraphics.framework */; };
		3CB4A0161779BA7000D00697 /* UIKit.framework in Frameworks */ = {isa = PBXBuildFile; fileRef = 3CB49FC41779B4E500D00697 /* UIKit.framework */; };
		3CB4A0171779BA7000D00697 /* Foundation.framework in Frameworks */ = {isa = PBXBuildFile; fileRef = 3CB49FC01779B4E500D00697 /* Foundation.framework */; };
		3CB4A0191779BA7000D00697 /* Images.xcassets in Resources */ = {isa = PBXBuildFile; fileRef = 3CB49FDE1779B4E600D00697 /* Images.xcassets */; };
		3CB4A01A1779BA7000D00697 /* Main.storyboard in Resources */ = {isa = PBXBuildFile; fileRef = 3CB49FD21779B4E500D00697 /* Main.storyboard */; };
		3CB4A01B1779BA7000D00697 /* InfoPlist.strings in Resources */ = {isa = PBXBuildFile; fileRef = 3CB49FC91779B4E500D00697 /* InfoPlist.strings */; };
		3CB4A0231779BA7300D00697 /* FJRMainViewController.m in Sources */ = {isa = PBXBuildFile; fileRef = 3CB49FD91779B4E600D00697 /* FJRMainViewController.m */; };
		3CB4A0241779BA7300D00697 /* main.m in Sources */ = {isa = PBXBuildFile; fileRef = 3CB49FCC1779B4E500D00697 /* main.m */; };
		3CB4A0251779BA7300D00697 /* FJRAppDelegate.m in Sources */ = {isa = PBXBuildFile; fileRef = 3CB49FD01779B4E500D00697 /* FJRAppDelegate.m */; };
		3CB4A0261779BA7300D00697 /* FJRFlipsideViewController.m in Sources */ = {isa = PBXBuildFile; fileRef = 3CB49FDC1779B4E600D00697 /* FJRFlipsideViewController.m */; };
		3CB4A0281779BA7300D00697 /* CoreGraphics.framework in Frameworks */ = {isa = PBXBuildFile; fileRef = 3CB49FC21779B4E500D00697 /* CoreGraphics.framework */; };
		3CB4A0291779BA7300D00697 /* UIKit.framework in Frameworks */ = {isa = PBXBuildFile; fileRef = 3CB49FC41779B4E500D00697 /* UIKit.framework */; };
		3CB4A02A1779BA7300D00697 /* Foundation.framework in Frameworks */ = {isa = PBXBuildFile; fileRef = 3CB49FC01779B4E500D00697 /* Foundation.framework */; };
		3CB4A02C1779BA7300D00697 /* Images.xcassets in Resources */ = {isa = PBXBuildFile; fileRef = 3CB49FDE1779B4E600D00697 /* Images.xcassets */; };
		3CB4A02D1779BA7300D00697 /* Main.storyboard in Resources */ = {isa = PBXBuildFile; fileRef = 3CB49FD21779B4E500D00697 /* Main.storyboard */; };
		3CB4A02E1779BA7300D00697 /* InfoPlist.strings in Resources */ = {isa = PBXBuildFile; fileRef = 3CB49FC91779B4E500D00697 /* InfoPlist.strings */; };
		3CB4A0481779BC2C00D00697 /* twitter.xcassets in Resources */ = {isa = PBXBuildFile; fileRef = 3CB4A0471779BC2C00D00697 /* twitter.xcassets */; };
		3CB4A04A1779BC3800D00697 /* tumblr.xcassets in Resources */ = {isa = PBXBuildFile; fileRef = 3CB4A0491779BC3800D00697 /* tumblr.xcassets */; };
		3CB4A04C1779BC4100D00697 /* instagram.xcassets in Resources */ = {isa = PBXBuildFile; fileRef = 3CB4A04B1779BC4100D00697 /* instagram.xcassets */; };
/* End PBXBuildFile section */

/* Begin PBXContainerItemProxy section */
		3CB49FE91779B4E600D00697 /* PBXContainerItemProxy */ = {
			isa = PBXContainerItemProxy;
			containerPortal = 3CB49FB51779B4E500D00697 /* Project object */;
			proxyType = 1;
			remoteGlobalIDString = 3CB49FBC1779B4E500D00697;
			remoteInfo = relauncher;
		};
/* End PBXContainerItemProxy section */

/* Begin PBXFileReference section */
		3CB49FBD1779B4E500D00697 /* relauncher.app */ = {isa = PBXFileReference; explicitFileType = wrapper.application; includeInIndex = 0; path = relauncher.app; sourceTree = BUILT_PRODUCTS_DIR; };
		3CB49FC01779B4E500D00697 /* Foundation.framework */ = {isa = PBXFileReference; lastKnownFileType = wrapper.framework; name = Foundation.framework; path = System/Library/Frameworks/Foundation.framework; sourceTree = SDKROOT; };
		3CB49FC21779B4E500D00697 /* CoreGraphics.framework */ = {isa = PBXFileReference; lastKnownFileType = wrapper.framework; name = CoreGraphics.framework; path = System/Library/Frameworks/CoreGraphics.framework; sourceTree = SDKROOT; };
		3CB49FC41779B4E500D00697 /* UIKit.framework */ = {isa = PBXFileReference; lastKnownFileType = wrapper.framework; name = UIKit.framework; path = System/Library/Frameworks/UIKit.framework; sourceTree = SDKROOT; };
		3CB49FC81779B4E500D00697 /* Info.plist */ = {isa = PBXFileReference; lastKnownFileType = text.plist.xml; path = Info.plist; sourceTree = "<group>"; };
		3CB49FCA1779B4E500D00697 /* en */ = {isa = PBXFileReference; lastKnownFileType = text.plist.strings; name = en; path = en.lproj/InfoPlist.strings; sourceTree = "<group>"; };
		3CB49FCC1779B4E500D00697 /* main.m */ = {isa = PBXFileReference; lastKnownFileType = sourcecode.c.objc; path = main.m; sourceTree = "<group>"; };
		3CB49FCE1779B4E500D00697 /* relauncher-Prefix.pch */ = {isa = PBXFileReference; lastKnownFileType = sourcecode.c.h; path = "relauncher-Prefix.pch"; sourceTree = "<group>"; };
		3CB49FCF1779B4E500D00697 /* FJRAppDelegate.h */ = {isa = PBXFileReference; lastKnownFileType = sourcecode.c.h; path = FJRAppDelegate.h; sourceTree = "<group>"; };
		3CB49FD01779B4E500D00697 /* FJRAppDelegate.m */ = {isa = PBXFileReference; lastKnownFileType = sourcecode.c.objc; path = FJRAppDelegate.m; sourceTree = "<group>"; };
		3CB49FD31779B4E500D00697 /* Base */ = {isa = PBXFileReference; lastKnownFileType = file.storyboard; name = Base; path = Base.lproj/Main.storyboard; sourceTree = "<group>"; };
		3CB49FD81779B4E600D00697 /* FJRMainViewController.h */ = {isa = PBXFileReference; lastKnownFileType = sourcecode.c.h; path = FJRMainViewController.h; sourceTree = "<group>"; };
		3CB49FD91779B4E600D00697 /* FJRMainViewController.m */ = {isa = PBXFileReference; lastKnownFileType = sourcecode.c.objc; path = FJRMainViewController.m; sourceTree = "<group>"; };
		3CB49FDB1779B4E600D00697 /* FJRFlipsideViewController.h */ = {isa = PBXFileReference; lastKnownFileType = sourcecode.c.h; path = FJRFlipsideViewController.h; sourceTree = "<group>"; };
		3CB49FDC1779B4E600D00697 /* FJRFlipsideViewController.m */ = {isa = PBXFileReference; lastKnownFileType = sourcecode.c.objc; path = FJRFlipsideViewController.m; sourceTree = "<group>"; };
		3CB49FDE1779B4E600D00697 /* Images.xcassets */ = {isa = PBXFileReference; lastKnownFileType = folder.assetcatalog; path = Images.xcassets; sourceTree = "<group>"; };
		3CB49FE41779B4E600D00697 /* relauncherTests.xctest */ = {isa = PBXFileReference; explicitFileType = wrapper.cfbundle; includeInIndex = 0; path = relauncherTests.xctest; sourceTree = BUILT_PRODUCTS_DIR; };
		3CB49FE51779B4E600D00697 /* XCTest.framework */ = {isa = PBXFileReference; lastKnownFileType = wrapper.framework; name = XCTest.framework; path = Library/Frameworks/XCTest.framework; sourceTree = DEVELOPER_DIR; };
		3CB49FED1779B4E600D00697 /* relauncherTests-Info.plist */ = {isa = PBXFileReference; lastKnownFileType = text.plist.xml; path = "relauncherTests-Info.plist"; sourceTree = "<group>"; };
		3CB49FEF1779B4E600D00697 /* en */ = {isa = PBXFileReference; lastKnownFileType = text.plist.strings; name = en; path = en.lproj/InfoPlist.strings; sourceTree = "<group>"; };
		3CB49FF11779B4E600D00697 /* relauncherTests.m */ = {isa = PBXFileReference; lastKnownFileType = sourcecode.c.objc; path = relauncherTests.m; sourceTree = "<group>"; };
		3CB4A00C1779BA6B00D00697 /* relauncher copy.app */ = {isa = PBXFileReference; explicitFileType = wrapper.application; includeInIndex = 0; path = "relauncher copy.app"; sourceTree = BUILT_PRODUCTS_DIR; };
		3CB4A00D1779BA6B00D00697 /* info-twitter.plist */ = {isa = PBXFileReference; lastKnownFileType = text.plist.xml; name = "info-twitter.plist"; path = "/Users/ian/Desktop/git/relauncher/info-twitter.plist"; sourceTree = "<absolute>"; };
		3CB4A01F1779BA7000D00697 /* relauncher copy copy.app */ = {isa = PBXFileReference; explicitFileType = wrapper.application; includeInIndex = 0; path = "relauncher copy copy.app"; sourceTree = BUILT_PRODUCTS_DIR; };
		3CB4A0201779BA7000D00697 /* info-tumblr.plist */ = {isa = PBXFileReference; lastKnownFileType = text.plist.xml; name = "info-tumblr.plist"; path = "/Users/ian/Desktop/git/relauncher/info-tumblr.plist"; sourceTree = "<absolute>"; };
		3CB4A0321779BA7300D00697 /* relauncher copy copy copy.app */ = {isa = PBXFileReference; explicitFileType = wrapper.application; includeInIndex = 0; path = "relauncher copy copy copy.app"; sourceTree = BUILT_PRODUCTS_DIR; };
		3CB4A0331779BA7300D00697 /* info-instagram.plist */ = {isa = PBXFileReference; lastKnownFileType = text.plist.xml; name = "info-instagram.plist"; path = "/Users/ian/Desktop/git/relauncher/info-instagram.plist"; sourceTree = "<absolute>"; };
		3CB4A0471779BC2C00D00697 /* twitter.xcassets */ = {isa = PBXFileReference; lastKnownFileType = folder.assetcatalog; path = twitter.xcassets; sourceTree = "<group>"; };
		3CB4A0491779BC3800D00697 /* tumblr.xcassets */ = {isa = PBXFileReference; lastKnownFileType = folder.assetcatalog; path = tumblr.xcassets; sourceTree = "<group>"; };
		3CB4A04B1779BC4100D00697 /* instagram.xcassets */ = {isa = PBXFileReference; lastKnownFileType = folder.assetcatalog; path = instagram.xcassets; sourceTree = "<group>"; };
/* End PBXFileReference section */

/* Begin PBXFrameworksBuildPhase section */
		3CB49FBA1779B4E500D00697 /* Frameworks */ = {
			isa = PBXFrameworksBuildPhase;
			buildActionMask = 2147483647;
			files = (
				3CB49FC31779B4E500D00697 /* CoreGraphics.framework in Frameworks */,
				3CB49FC51779B4E500D00697 /* UIKit.framework in Frameworks */,
				3CB49FC11779B4E500D00697 /* Foundation.framework in Frameworks */,
			);
			runOnlyForDeploymentPostprocessing = 0;
		};
		3CB49FE11779B4E600D00697 /* Frameworks */ = {
			isa = PBXFrameworksBuildPhase;
			buildActionMask = 2147483647;
			files = (
				3CB49FE61779B4E600D00697 /* XCTest.framework in Frameworks */,
				3CB49FE81779B4E600D00697 /* UIKit.framework in Frameworks */,
				3CB49FE71779B4E600D00697 /* Foundation.framework in Frameworks */,
			);
			runOnlyForDeploymentPostprocessing = 0;
		};
		3CB4A0011779BA6B00D00697 /* Frameworks */ = {
			isa = PBXFrameworksBuildPhase;
			buildActionMask = 2147483647;
			files = (
				3CB4A0021779BA6B00D00697 /* CoreGraphics.framework in Frameworks */,
				3CB4A0031779BA6B00D00697 /* UIKit.framework in Frameworks */,
				3CB4A0041779BA6B00D00697 /* Foundation.framework in Frameworks */,
			);
			runOnlyForDeploymentPostprocessing = 0;
		};
		3CB4A0141779BA7000D00697 /* Frameworks */ = {
			isa = PBXFrameworksBuildPhase;
			buildActionMask = 2147483647;
			files = (
				3CB4A0151779BA7000D00697 /* CoreGraphics.framework in Frameworks */,
				3CB4A0161779BA7000D00697 /* UIKit.framework in Frameworks */,
				3CB4A0171779BA7000D00697 /* Foundation.framework in Frameworks */,
			);
			runOnlyForDeploymentPostprocessing = 0;
		};
		3CB4A0271779BA7300D00697 /* Frameworks */ = {
			isa = PBXFrameworksBuildPhase;
			buildActionMask = 2147483647;
			files = (
				3CB4A0281779BA7300D00697 /* CoreGraphics.framework in Frameworks */,
				3CB4A0291779BA7300D00697 /* UIKit.framework in Frameworks */,
				3CB4A02A1779BA7300D00697 /* Foundation.framework in Frameworks */,
			);
			runOnlyForDeploymentPostprocessing = 0;
		};
/* End PBXFrameworksBuildPhase section */

/* Begin PBXGroup section */
		3C20ADE11779BF9800621D83 /* Tumblr */ = {
			isa = PBXGroup;
			children = (
				3CB4A0201779BA7000D00697 /* info-tumblr.plist */,
				3CB4A0491779BC3800D00697 /* tumblr.xcassets */,
			);
			name = Tumblr;
			sourceTree = "<group>";
		};
		3C20ADE21779BF9D00621D83 /* Instagram */ = {
			isa = PBXGroup;
			children = (
				3CB4A0331779BA7300D00697 /* info-instagram.plist */,
				3CB4A04B1779BC4100D00697 /* instagram.xcassets */,
			);
			name = Instagram;
			sourceTree = "<group>";
		};
		3C20ADE31779BFA100621D83 /* Twitter */ = {
			isa = PBXGroup;
			children = (
				3CB4A00D1779BA6B00D00697 /* info-twitter.plist */,
				3CB4A0471779BC2C00D00697 /* twitter.xcassets */,
			);
			name = Twitter;
			sourceTree = "<group>";
		};
		3C20ADE51779BFAC00621D83 /* Blank */ = {
			isa = PBXGroup;
			children = (
				3CB49FC81779B4E500D00697 /* Info.plist */,
				3CB49FDE1779B4E600D00697 /* Images.xcassets */,
			);
			name = Blank;
			sourceTree = "<group>";
		};
		3CB49FB41779B4E500D00697 = {
			isa = PBXGroup;
			children = (
				3CB49FC61779B4E500D00697 /* relauncher */,
				3CB49FEB1779B4E600D00697 /* relauncherTests */,
				3CB49FBF1779B4E500D00697 /* Frameworks */,
				3CB49FBE1779B4E500D00697 /* Products */,
			);
			sourceTree = "<group>";
		};
		3CB49FBE1779B4E500D00697 /* Products */ = {
			isa = PBXGroup;
			children = (
				3CB49FBD1779B4E500D00697 /* relauncher.app */,
				3CB49FE41779B4E600D00697 /* relauncherTests.xctest */,
				3CB4A00C1779BA6B00D00697 /* relauncher copy.app */,
				3CB4A01F1779BA7000D00697 /* relauncher copy copy.app */,
				3CB4A0321779BA7300D00697 /* relauncher copy copy copy.app */,
			);
			name = Products;
			sourceTree = "<group>";
		};
		3CB49FBF1779B4E500D00697 /* Frameworks */ = {
			isa = PBXGroup;
			children = (
				3CB49FC01779B4E500D00697 /* Foundation.framework */,
				3CB49FC21779B4E500D00697 /* CoreGraphics.framework */,
				3CB49FC41779B4E500D00697 /* UIKit.framework */,
				3CB49FE51779B4E600D00697 /* XCTest.framework */,
			);
			name = Frameworks;
			sourceTree = "<group>";
		};
		3CB49FC61779B4E500D00697 /* relauncher */ = {
			isa = PBXGroup;
			children = (
				3CB49FCF1779B4E500D00697 /* FJRAppDelegate.h */,
				3CB49FD01779B4E500D00697 /* FJRAppDelegate.m */,
				3CB49FD21779B4E500D00697 /* Main.storyboard */,
				3CB49FD81779B4E600D00697 /* FJRMainViewController.h */,
				3CB49FD91779B4E600D00697 /* FJRMainViewController.m */,
				3CB49FDB1779B4E600D00697 /* FJRFlipsideViewController.h */,
				3CB49FDC1779B4E600D00697 /* FJRFlipsideViewController.m */,
				3CB49FC71779B4E500D00697 /* Supporting Files */,
			);
			path = relauncher;
			sourceTree = "<group>";
		};
		3CB49FC71779B4E500D00697 /* Supporting Files */ = {
			isa = PBXGroup;
			children = (
				3C20ADE51779BFAC00621D83 /* Blank */,
				3C20ADE31779BFA100621D83 /* Twitter */,
				3C20ADE21779BF9D00621D83 /* Instagram */,
				3C20ADE11779BF9800621D83 /* Tumblr */,
				3CB49FC91779B4E500D00697 /* InfoPlist.strings */,
				3CB49FCC1779B4E500D00697 /* main.m */,
				3CB49FCE1779B4E500D00697 /* relauncher-Prefix.pch */,
			);
			name = "Supporting Files";
			sourceTree = "<group>";
		};
		3CB49FEB1779B4E600D00697 /* relauncherTests */ = {
			isa = PBXGroup;
			children = (
				3CB49FF11779B4E600D00697 /* relauncherTests.m */,
				3CB49FEC1779B4E600D00697 /* Supporting Files */,
			);
			path = relauncherTests;
			sourceTree = "<group>";
		};
		3CB49FEC1779B4E600D00697 /* Supporting Files */ = {
			isa = PBXGroup;
			children = (
				3CB49FED1779B4E600D00697 /* relauncherTests-Info.plist */,
				3CB49FEE1779B4E600D00697 /* InfoPlist.strings */,
			);
			name = "Supporting Files";
			sourceTree = "<group>";
		};
/* End PBXGroup section */

/* Begin PBXNativeTarget section */
		3CB49FBC1779B4E500D00697 /* relauncher */ = {
			isa = PBXNativeTarget;
			buildConfigurationList = 3CB49FF51779B4E600D00697 /* Build configuration list for PBXNativeTarget "relauncher" */;
			buildPhases = (
				3CB49FB91779B4E500D00697 /* Sources */,
				3CB49FBA1779B4E500D00697 /* Frameworks */,
				3CB49FBB1779B4E500D00697 /* Resources */,
			);
			buildRules = (
			);
			dependencies = (
			);
			name = relauncher;
			productName = relauncher;
			productReference = 3CB49FBD1779B4E500D00697 /* relauncher.app */;
			productType = "com.apple.product-type.application";
		};
		3CB49FE31779B4E600D00697 /* relauncherTests */ = {
			isa = PBXNativeTarget;
			buildConfigurationList = 3CB49FF81779B4E600D00697 /* Build configuration list for PBXNativeTarget "relauncherTests" */;
			buildPhases = (
				3CB49FE01779B4E600D00697 /* Sources */,
				3CB49FE11779B4E600D00697 /* Frameworks */,
				3CB49FE21779B4E600D00697 /* Resources */,
			);
			buildRules = (
			);
			dependencies = (
				3CB49FEA1779B4E600D00697 /* PBXTargetDependency */,
			);
			name = relauncherTests;
			productName = relauncherTests;
			productReference = 3CB49FE41779B4E600D00697 /* relauncherTests.xctest */;
			productType = "com.apple.product-type.bundle.unit-test";
		};
		3CB49FFB1779BA6B00D00697 /* relauncher twitter */ = {
			isa = PBXNativeTarget;
			buildConfigurationList = 3CB4A0091779BA6B00D00697 /* Build configuration list for PBXNativeTarget "relauncher twitter" */;
			buildPhases = (
				3CB49FFC1779BA6B00D00697 /* Sources */,
				3CB4A0011779BA6B00D00697 /* Frameworks */,
				3CB4A0051779BA6B00D00697 /* Resources */,
			);
			buildRules = (
			);
			dependencies = (
			);
			name = "relauncher twitter";
			productName = relauncher;
			productReference = 3CB4A00C1779BA6B00D00697 /* relauncher copy.app */;
			productType = "com.apple.product-type.application";
		};
		3CB4A00E1779BA7000D00697 /* relauncher tumblr */ = {
			isa = PBXNativeTarget;
			buildConfigurationList = 3CB4A01C1779BA7000D00697 /* Build configuration list for PBXNativeTarget "relauncher tumblr" */;
			buildPhases = (
				3CB4A00F1779BA7000D00697 /* Sources */,
				3CB4A0141779BA7000D00697 /* Frameworks */,
				3CB4A0181779BA7000D00697 /* Resources */,
			);
			buildRules = (
			);
			dependencies = (
			);
			name = "relauncher tumblr";
			productName = relauncher;
			productReference = 3CB4A01F1779BA7000D00697 /* relauncher copy copy.app */;
			productType = "com.apple.product-type.application";
		};
		3CB4A0211779BA7300D00697 /* relauncher instagram */ = {
			isa = PBXNativeTarget;
			buildConfigurationList = 3CB4A02F1779BA7300D00697 /* Build configuration list for PBXNativeTarget "relauncher instagram" */;
			buildPhases = (
				3CB4A0221779BA7300D00697 /* Sources */,
				3CB4A0271779BA7300D00697 /* Frameworks */,
				3CB4A02B1779BA7300D00697 /* Resources */,
			);
			buildRules = (
			);
			dependencies = (
			);
			name = "relauncher instagram";
			productName = relauncher;
			productReference = 3CB4A0321779BA7300D00697 /* relauncher copy copy copy.app */;
			productType = "com.apple.product-type.application";
		};
/* End PBXNativeTarget section */

/* Begin PBXProject section */
		3CB49FB51779B4E500D00697 /* Project object */ = {
			isa = PBXProject;
			attributes = {
				CLASSPREFIX = FJR;
				LastUpgradeCheck = 0500;
				ORGANIZATIONNAME = "@frijole";
				TargetAttributes = {
					3CB49FE31779B4E600D00697 = {
						TestTargetID = 3CB49FBC1779B4E500D00697;
					};
				};
			};
			buildConfigurationList = 3CB49FB81779B4E500D00697 /* Build configuration list for PBXProject "relauncher" */;
			compatibilityVersion = "Xcode 3.2";
			developmentRegion = English;
			hasScannedForEncodings = 0;
			knownRegions = (
				en,
				Base,
			);
			mainGroup = 3CB49FB41779B4E500D00697;
			productRefGroup = 3CB49FBE1779B4E500D00697 /* Products */;
			projectDirPath = "";
			projectRoot = "";
			targets = (
				3CB49FBC1779B4E500D00697 /* relauncher */,
				3CB49FFB1779BA6B00D00697 /* relauncher twitter */,
				3CB4A00E1779BA7000D00697 /* relauncher tumblr */,
				3CB4A0211779BA7300D00697 /* relauncher instagram */,
				3CB49FE31779B4E600D00697 /* relauncherTests */,
			);
		};
/* End PBXProject section */

/* Begin PBXResourcesBuildPhase section */
		3CB49FBB1779B4E500D00697 /* Resources */ = {
			isa = PBXResourcesBuildPhase;
			buildActionMask = 2147483647;
			files = (
				3CB49FDF1779B4E600D00697 /* Images.xcassets in Resources */,
				3CB49FD41779B4E500D00697 /* Main.storyboard in Resources */,
				3CB49FCB1779B4E500D00697 /* InfoPlist.strings in Resources */,
			);
			runOnlyForDeploymentPostprocessing = 0;
		};
		3CB49FE21779B4E600D00697 /* Resources */ = {
			isa = PBXResourcesBuildPhase;
			buildActionMask = 2147483647;
			files = (
				3CB49FF01779B4E600D00697 /* InfoPlist.strings in Resources */,
			);
			runOnlyForDeploymentPostprocessing = 0;
		};
		3CB4A0051779BA6B00D00697 /* Resources */ = {
			isa = PBXResourcesBuildPhase;
			buildActionMask = 2147483647;
			files = (
				3CB4A0061779BA6B00D00697 /* Images.xcassets in Resources */,
				3CB4A0071779BA6B00D00697 /* Main.storyboard in Resources */,
				3CB4A0081779BA6B00D00697 /* InfoPlist.strings in Resources */,
				3CB4A0481779BC2C00D00697 /* twitter.xcassets in Resources */,
			);
			runOnlyForDeploymentPostprocessing = 0;
		};
		3CB4A0181779BA7000D00697 /* Resources */ = {
			isa = PBXResourcesBuildPhase;
			buildActionMask = 2147483647;
			files = (
				3CB4A0191779BA7000D00697 /* Images.xcassets in Resources */,
				3CB4A04A1779BC3800D00697 /* tumblr.xcassets in Resources */,
				3CB4A01A1779BA7000D00697 /* Main.storyboard in Resources */,
				3CB4A01B1779BA7000D00697 /* InfoPlist.strings in Resources */,
			);
			runOnlyForDeploymentPostprocessing = 0;
		};
		3CB4A02B1779BA7300D00697 /* Resources */ = {
			isa = PBXResourcesBuildPhase;
			buildActionMask = 2147483647;
			files = (
				3CB4A04C1779BC4100D00697 /* instagram.xcassets in Resources */,
				3CB4A02C1779BA7300D00697 /* Images.xcassets in Resources */,
				3CB4A02D1779BA7300D00697 /* Main.storyboard in Resources */,
				3CB4A02E1779BA7300D00697 /* InfoPlist.strings in Resources */,
			);
			runOnlyForDeploymentPostprocessing = 0;
		};
/* End PBXResourcesBuildPhase section */

/* Begin PBXSourcesBuildPhase section */
		3CB49FB91779B4E500D00697 /* Sources */ = {
			isa = PBXSourcesBuildPhase;
			buildActionMask = 2147483647;
			files = (
				3CB49FDA1779B4E600D00697 /* FJRMainViewController.m in Sources */,
				3CB49FCD1779B4E500D00697 /* main.m in Sources */,
				3CB49FD11779B4E500D00697 /* FJRAppDelegate.m in Sources */,
				3CB49FDD1779B4E600D00697 /* FJRFlipsideViewController.m in Sources */,
			);
			runOnlyForDeploymentPostprocessing = 0;
		};
		3CB49FE01779B4E600D00697 /* Sources */ = {
			isa = PBXSourcesBuildPhase;
			buildActionMask = 2147483647;
			files = (
				3CB49FF21779B4E600D00697 /* relauncherTests.m in Sources */,
			);
			runOnlyForDeploymentPostprocessing = 0;
		};
		3CB49FFC1779BA6B00D00697 /* Sources */ = {
			isa = PBXSourcesBuildPhase;
			buildActionMask = 2147483647;
			files = (
				3CB49FFD1779BA6B00D00697 /* FJRMainViewController.m in Sources */,
				3CB49FFE1779BA6B00D00697 /* main.m in Sources */,
				3CB49FFF1779BA6B00D00697 /* FJRAppDelegate.m in Sources */,
				3CB4A0001779BA6B00D00697 /* FJRFlipsideViewController.m in Sources */,
			);
			runOnlyForDeploymentPostprocessing = 0;
		};
		3CB4A00F1779BA7000D00697 /* Sources */ = {
			isa = PBXSourcesBuildPhase;
			buildActionMask = 2147483647;
			files = (
				3CB4A0101779BA7000D00697 /* FJRMainViewController.m in Sources */,
				3CB4A0111779BA7000D00697 /* main.m in Sources */,
				3CB4A0121779BA7000D00697 /* FJRAppDelegate.m in Sources */,
				3CB4A0131779BA7000D00697 /* FJRFlipsideViewController.m in Sources */,
			);
			runOnlyForDeploymentPostprocessing = 0;
		};
		3CB4A0221779BA7300D00697 /* Sources */ = {
			isa = PBXSourcesBuildPhase;
			buildActionMask = 2147483647;
			files = (
				3CB4A0231779BA7300D00697 /* FJRMainViewController.m in Sources */,
				3CB4A0241779BA7300D00697 /* main.m in Sources */,
				3CB4A0251779BA7300D00697 /* FJRAppDelegate.m in Sources */,
				3CB4A0261779BA7300D00697 /* FJRFlipsideViewController.m in Sources */,
			);
			runOnlyForDeploymentPostprocessing = 0;
		};
/* End PBXSourcesBuildPhase section */

/* Begin PBXTargetDependency section */
		3CB49FEA1779B4E600D00697 /* PBXTargetDependency */ = {
			isa = PBXTargetDependency;
			target = 3CB49FBC1779B4E500D00697 /* relauncher */;
			targetProxy = 3CB49FE91779B4E600D00697 /* PBXContainerItemProxy */;
		};
/* End PBXTargetDependency section */

/* Begin PBXVariantGroup section */
		3CB49FC91779B4E500D00697 /* InfoPlist.strings */ = {
			isa = PBXVariantGroup;
			children = (
				3CB49FCA1779B4E500D00697 /* en */,
			);
			name = InfoPlist.strings;
			sourceTree = "<group>";
		};
		3CB49FD21779B4E500D00697 /* Main.storyboard */ = {
			isa = PBXVariantGroup;
			children = (
				3CB49FD31779B4E500D00697 /* Base */,
			);
			name = Main.storyboard;
			sourceTree = "<group>";
		};
		3CB49FEE1779B4E600D00697 /* InfoPlist.strings */ = {
			isa = PBXVariantGroup;
			children = (
				3CB49FEF1779B4E600D00697 /* en */,
			);
			name = InfoPlist.strings;
			sourceTree = "<group>";
		};
/* End PBXVariantGroup section */

/* Begin XCBuildConfiguration section */
		3CB49FF31779B4E600D00697 /* Debug */ = {
			isa = XCBuildConfiguration;
			buildSettings = {
				ALWAYS_SEARCH_USER_PATHS = NO;
				CLANG_CXX_LANGUAGE_STANDARD = "gnu++0x";
				CLANG_CXX_LIBRARY = "libc++";
				CLANG_ENABLE_MODULES = YES;
				CLANG_ENABLE_OBJC_ARC = YES;
				CLANG_WARN_BOOL_CONVERSION = YES;
				CLANG_WARN_CONSTANT_CONVERSION = YES;
				CLANG_WARN_DIRECT_OBJC_ISA_USAGE = YES_ERROR;
				CLANG_WARN_EMPTY_BODY = YES;
				CLANG_WARN_ENUM_CONVERSION = YES;
				CLANG_WARN_INT_CONVERSION = YES;
				CLANG_WARN_OBJC_ROOT_CLASS = YES_ERROR;
				CLANG_WARN__DUPLICATE_METHOD_MATCH = YES;
				"CODE_SIGN_IDENTITY[sdk=iphoneos*]" = "iPhone Developer";
				COPY_PHASE_STRIP = NO;
				GCC_C_LANGUAGE_STANDARD = gnu99;
				GCC_DYNAMIC_NO_PIC = NO;
				GCC_OPTIMIZATION_LEVEL = 0;
				GCC_PREPROCESSOR_DEFINITIONS = (
					"DEBUG=1",
					"$(inherited)",
				);
				GCC_SYMBOLS_PRIVATE_EXTERN = NO;
				GCC_WARN_ABOUT_RETURN_TYPE = YES_ERROR;
				GCC_WARN_UNDECLARED_SELECTOR = YES;
				GCC_WARN_UNINITIALIZED_AUTOS = YES;
				GCC_WARN_UNUSED_FUNCTION = YES;
				GCC_WARN_UNUSED_VARIABLE = YES;
				IPHONEOS_DEPLOYMENT_TARGET = 7.0;
				ONLY_ACTIVE_ARCH = YES;
				SDKROOT = iphoneos;
				TARGETED_DEVICE_FAMILY = "1,2";
			};
			name = Debug;
		};
		3CB49FF41779B4E600D00697 /* Release */ = {
			isa = XCBuildConfiguration;
			buildSettings = {
				ALWAYS_SEARCH_USER_PATHS = NO;
				CLANG_CXX_LANGUAGE_STANDARD = "gnu++0x";
				CLANG_CXX_LIBRARY = "libc++";
				CLANG_ENABLE_MODULES = YES;
				CLANG_ENABLE_OBJC_ARC = YES;
				CLANG_WARN_BOOL_CONVERSION = YES;
				CLANG_WARN_CONSTANT_CONVERSION = YES;
				CLANG_WARN_DIRECT_OBJC_ISA_USAGE = YES_ERROR;
				CLANG_WARN_EMPTY_BODY = YES;
				CLANG_WARN_ENUM_CONVERSION = YES;
				CLANG_WARN_INT_CONVERSION = YES;
				CLANG_WARN_OBJC_ROOT_CLASS = YES_ERROR;
				CLANG_WARN__DUPLICATE_METHOD_MATCH = YES;
				"CODE_SIGN_IDENTITY[sdk=iphoneos*]" = "iPhone Developer";
				COPY_PHASE_STRIP = YES;
				ENABLE_NS_ASSERTIONS = NO;
				GCC_C_LANGUAGE_STANDARD = gnu99;
				GCC_WARN_ABOUT_RETURN_TYPE = YES_ERROR;
				GCC_WARN_UNDECLARED_SELECTOR = YES;
				GCC_WARN_UNINITIALIZED_AUTOS = YES;
				GCC_WARN_UNUSED_FUNCTION = YES;
				GCC_WARN_UNUSED_VARIABLE = YES;
				IPHONEOS_DEPLOYMENT_TARGET = 7.0;
				SDKROOT = iphoneos;
				TARGETED_DEVICE_FAMILY = "1,2";
				VALIDATE_PRODUCT = YES;
			};
			name = Release;
		};
		3CB49FF61779B4E600D00697 /* Debug */ = {
			isa = XCBuildConfiguration;
			buildSettings = {
				ASSETCATALOG_COMPILER_APPICON_NAME = AppIcon;
				ASSETCATALOG_COMPILER_LAUNCHIMAGE_NAME = LaunchImage;
				GCC_PRECOMPILE_PREFIX_HEADER = YES;
				GCC_PREFIX_HEADER = "relauncher/relauncher-Prefix.pch";
				INFOPLIST_FILE = "$(SRCROOT)/relauncher/Info.plist";
				PRODUCT_NAME = "$(TARGET_NAME)";
				WRAPPER_EXTENSION = app;
			};
			name = Debug;
		};
		3CB49FF71779B4E600D00697 /* Release */ = {
			isa = XCBuildConfiguration;
			buildSettings = {
				ASSETCATALOG_COMPILER_APPICON_NAME = AppIcon;
				ASSETCATALOG_COMPILER_LAUNCHIMAGE_NAME = LaunchImage;
				GCC_PRECOMPILE_PREFIX_HEADER = YES;
				GCC_PREFIX_HEADER = "relauncher/relauncher-Prefix.pch";
				INFOPLIST_FILE = "$(SRCROOT)/relauncher/Info.plist";
				PRODUCT_NAME = "$(TARGET_NAME)";
				WRAPPER_EXTENSION = app;
			};
			name = Release;
		};
		3CB49FF91779B4E600D00697 /* Debug */ = {
			isa = XCBuildConfiguration;
			buildSettings = {
				BUNDLE_LOADER = "$(BUILT_PRODUCTS_DIR)/relauncher.app/relauncher";
				FRAMEWORK_SEARCH_PATHS = (
					"$(SDKROOT)/Developer/Library/Frameworks",
					"$(inherited)",
					"$(SYSTEM_APPS_DIR)/Xcode5-DP.app/Contents/Developer/Library/Frameworks",
				);
				GCC_PRECOMPILE_PREFIX_HEADER = YES;
				GCC_PREFIX_HEADER = "relauncher/relauncher-Prefix.pch";
				GCC_PREPROCESSOR_DEFINITIONS = (
					"DEBUG=1",
					"$(inherited)",
				);
				INFOPLIST_FILE = "relauncherTests/relauncherTests-Info.plist";
				PRODUCT_NAME = "$(TARGET_NAME)";
				TEST_HOST = "$(BUNDLE_LOADER)";
				WRAPPER_EXTENSION = xctest;
			};
			name = Debug;
		};
		3CB49FFA1779B4E600D00697 /* Release */ = {
			isa = XCBuildConfiguration;
			buildSettings = {
				BUNDLE_LOADER = "$(BUILT_PRODUCTS_DIR)/relauncher.app/relauncher";
				FRAMEWORK_SEARCH_PATHS = (
					"$(SDKROOT)/Developer/Library/Frameworks",
					"$(inherited)",
					"$(SYSTEM_APPS_DIR)/Xcode5-DP.app/Contents/Developer/Library/Frameworks",
				);
				GCC_PRECOMPILE_PREFIX_HEADER = YES;
				GCC_PREFIX_HEADER = "relauncher/relauncher-Prefix.pch";
				INFOPLIST_FILE = "relauncherTests/relauncherTests-Info.plist";
				PRODUCT_NAME = "$(TARGET_NAME)";
				TEST_HOST = "$(BUNDLE_LOADER)";
				WRAPPER_EXTENSION = xctest;
			};
			name = Release;
		};
		3CB4A00A1779BA6B00D00697 /* Debug */ = {
			isa = XCBuildConfiguration;
			buildSettings = {
				ASSETCATALOG_COMPILER_APPICON_NAME = AppIcon;
				ASSETCATALOG_COMPILER_LAUNCHIMAGE_NAME = LaunchImage;
				GCC_PRECOMPILE_PREFIX_HEADER = YES;
				GCC_PREFIX_HEADER = "relauncher/relauncher-Prefix.pch";
				INFOPLIST_FILE = "$(SRCROOT)/info-twitter.plist";
				PRODUCT_NAME = "relauncher copy";
				WRAPPER_EXTENSION = app;
			};
			name = Debug;
		};
		3CB4A00B1779BA6B00D00697 /* Release */ = {
			isa = XCBuildConfiguration;
			buildSettings = {
				ASSETCATALOG_COMPILER_APPICON_NAME = AppIcon;
				ASSETCATALOG_COMPILER_LAUNCHIMAGE_NAME = LaunchImage;
				GCC_PRECOMPILE_PREFIX_HEADER = YES;
				GCC_PREFIX_HEADER = "relauncher/relauncher-Prefix.pch";
				INFOPLIST_FILE = "$(SRCROOT)/info-twitter.plist";
				PRODUCT_NAME = "relauncher copy";
				WRAPPER_EXTENSION = app;
			};
			name = Release;
		};
		3CB4A01D1779BA7000D00697 /* Debug */ = {
			isa = XCBuildConfiguration;
			buildSettings = {
				ASSETCATALOG_COMPILER_APPICON_NAME = AppIcon;
				ASSETCATALOG_COMPILER_LAUNCHIMAGE_NAME = LaunchImage;
				GCC_PRECOMPILE_PREFIX_HEADER = YES;
				GCC_PREFIX_HEADER = "relauncher/relauncher-Prefix.pch";
				INFOPLIST_FILE = "$(SRCROOT)/info-tumblr.plist";
				PRODUCT_NAME = "relauncher copy copy";
				WRAPPER_EXTENSION = app;
			};
			name = Debug;
		};
		3CB4A01E1779BA7000D00697 /* Release */ = {
			isa = XCBuildConfiguration;
			buildSettings = {
				ASSETCATALOG_COMPILER_APPICON_NAME = AppIcon;
				ASSETCATALOG_COMPILER_LAUNCHIMAGE_NAME = LaunchImage;
				GCC_PRECOMPILE_PREFIX_HEADER = YES;
				GCC_PREFIX_HEADER = "relauncher/relauncher-Prefix.pch";
				INFOPLIST_FILE = "$(SRCROOT)/info-tumblr.plist";
				PRODUCT_NAME = "relauncher copy copy";
				WRAPPER_EXTENSION = app;
			};
			name = Release;
		};
		3CB4A0301779BA7300D00697 /* Debug */ = {
			isa = XCBuildConfiguration;
			buildSettings = {
				ASSETCATALOG_COMPILER_APPICON_NAME = AppIcon;
				ASSETCATALOG_COMPILER_LAUNCHIMAGE_NAME = LaunchImage;
				GCC_PRECOMPILE_PREFIX_HEADER = YES;
				GCC_PREFIX_HEADER = "relauncher/relauncher-Prefix.pch";
				INFOPLIST_FILE = "$(SRCROOT)/info-instagram.plist";
				PRODUCT_NAME = "relauncher copy copy copy";
				WRAPPER_EXTENSION = app;
			};
			name = Debug;
		};
		3CB4A0311779BA7300D00697 /* Release */ = {
			isa = XCBuildConfiguration;
			buildSettings = {
				ASSETCATALOG_COMPILER_APPICON_NAME = AppIcon;
				ASSETCATALOG_COMPILER_LAUNCHIMAGE_NAME = LaunchImage;
				GCC_PRECOMPILE_PREFIX_HEADER = YES;
				GCC_PREFIX_HEADER = "relauncher/relauncher-Prefix.pch";
				INFOPLIST_FILE = "$(SRCROOT)/info-instagram.plist";
				PRODUCT_NAME = "relauncher copy copy copy";
				WRAPPER_EXTENSION = app;
			};
			name = Release;
		};
/* End XCBuildConfiguration section */

/* Begin XCConfigurationList section */
		3CB49FB81779B4E500D00697 /* Build configuration list for PBXProject "relauncher" */ = {
			isa = XCConfigurationList;
			buildConfigurations = (
				3CB49FF31779B4E600D00697 /* Debug */,
				3CB49FF41779B4E600D00697 /* Release */,
			);
			defaultConfigurationIsVisible = 0;
			defaultConfigurationName = Release;
		};
		3CB49FF51779B4E600D00697 /* Build configuration list for PBXNativeTarget "relauncher" */ = {
			isa = XCConfigurationList;
			buildConfigurations = (
				3CB49FF61779B4E600D00697 /* Debug */,
				3CB49FF71779B4E600D00697 /* Release */,
			);
			defaultConfigurationIsVisible = 0;
			defaultConfigurationName = Release;
		};
		3CB49FF81779B4E600D00697 /* Build configuration list for PBXNativeTarget "relauncherTests" */ = {
			isa = XCConfigurationList;
			buildConfigurations = (
				3CB49FF91779B4E600D00697 /* Debug */,
				3CB49FFA1779B4E600D00697 /* Release */,
			);
			defaultConfigurationIsVisible = 0;
			defaultConfigurationName = Release;
		};
		3CB4A0091779BA6B00D00697 /* Build configuration list for PBXNativeTarget "relauncher twitter" */ = {
			isa = XCConfigurationList;
			buildConfigurations = (
				3CB4A00A1779BA6B00D00697 /* Debug */,
				3CB4A00B1779BA6B00D00697 /* Release */,
			);
			defaultConfigurationIsVisible = 0;
			defaultConfigurationName = Release;
		};
		3CB4A01C1779BA7000D00697 /* Build configuration list for PBXNativeTarget "relauncher tumblr" */ = {
			isa = XCConfigurationList;
			buildConfigurations = (
				3CB4A01D1779BA7000D00697 /* Debug */,
				3CB4A01E1779BA7000D00697 /* Release */,
			);
			defaultConfigurationIsVisible = 0;
			defaultConfigurationName = Release;
		};
		3CB4A02F1779BA7300D00697 /* Build configuration list for PBXNativeTarget "relauncher instagram" */ = {
			isa = XCConfigurationList;
			buildConfigurations = (
				3CB4A0301779BA7300D00697 /* Debug */,
				3CB4A0311779BA7300D00697 /* Release */,
			);
			defaultConfigurationIsVisible = 0;
			defaultConfigurationName = Release;
		};
/* End XCConfigurationList section */
	};
	rootObject = 3CB49FB51779B4E500D00697 /* Project object */;
}
